
Microsoft Visual Studio Solution File, Format Version 12.00
# Visual Studio Version 17
VisualStudioVersion = 17.6.33712.159
MinimumVisualStudioVersion = 10.0.40219.1
Project("{FAE04EC0-301F-11D3-BF4B-00C04F79EFBC}") = "cadastroSqa", "cadastroSqa\cadastroSqa.csproj", "{9AF91B3A-6890-40D8-95A9-90D7018B4498}"
EndProject
Project("{FAE04EC0-301F-11D3-BF4B-00C04F79EFBC}") = "cadastroSqa.Tests", "cadastroSqa.Tests\cadastroSqa.Tests.csproj", "{94222925-5578-4D9B-A51D-81E031607BE5}"
EndProject
Global
	GlobalSection(SolutionConfigurationPlatforms) = preSolution
		Debug|Any CPU = Debug|Any CPU
		Release|Any CPU = Release|Any CPU
	EndGlobalSection
	GlobalSection(ProjectConfigurationPlatforms) = postSolution
		{9AF91B3A-6890-40D8-95A9-90D7018B4498}.Debug|Any CPU.ActiveCfg = Debug|Any CPU
		{9AF91B3A-6890-40D8-95A9-90D7018B4498}.Debug|Any CPU.Build.0 = Debug|Any CPU
		{9AF91B3A-6890-40D8-95A9-90D7018B4498}.Release|Any CPU.ActiveCfg = Release|Any CPU
		{9AF91B3A-6890-40D8-95A9-90D7018B4498}.Release|Any CPU.Build.0 = Release|Any CPU
		{94222925-5578-4D9B-A51D-81E031607BE5}.Debug|Any CPU.ActiveCfg = Debug|Any CPU
		{94222925-5578-4D9B-A51D-81E031607BE5}.Debug|Any CPU.Build.0 = Debug|Any CPU
		{94222925-5578-4D9B-A51D-81E031607BE5}.Release|Any CPU.ActiveCfg = Release|Any CPU
		{94222925-5578-4D9B-A51D-81E031607BE5}.Release|Any CPU.Build.0 = Release|Any CPU
	EndGlobalSection
	GlobalSection(SolutionProperties) = preSolution
		HideSolutionNode = FALSE
	EndGlobalSection
	GlobalSection(ExtensibilityGlobals) = postSolution
		SolutionGuid = {FEC1216C-96C3-46EB-9BD9-EB150D68080C}
	EndGlobalSection
EndGlobal
